// !$*UTF8*$!
{
	archiveVersion = 1;
	classes = {
	};
	objectVersion = 55;
	objects = {

/* Begin PBXBuildFile section */
		60086DF227C38E2400DA7916 /* AppDelegate.swift in Sources */ = {isa = PBXBuildFile; fileRef = 60086DF127C38E2400DA7916 /* AppDelegate.swift */; };
		60086DF427C38E2400DA7916 /* SceneDelegate.swift in Sources */ = {isa = PBXBuildFile; fileRef = 60086DF327C38E2400DA7916 /* SceneDelegate.swift */; };
		60086DF927C38E2400DA7916 /* Main.storyboard in Resources */ = {isa = PBXBuildFile; fileRef = 60086DF727C38E2400DA7916 /* Main.storyboard */; };
		60086DFC27C38E2400DA7916 /* MoneyTrack.xcdatamodeld in Sources */ = {isa = PBXBuildFile; fileRef = 60086DFA27C38E2400DA7916 /* MoneyTrack.xcdatamodeld */; };
		60086DFE27C38E2700DA7916 /* Assets.xcassets in Resources */ = {isa = PBXBuildFile; fileRef = 60086DFD27C38E2700DA7916 /* Assets.xcassets */; };
		60086E0127C38E2700DA7916 /* LaunchScreen.storyboard in Resources */ = {isa = PBXBuildFile; fileRef = 60086DFF27C38E2700DA7916 /* LaunchScreen.storyboard */; };
		60086E0927C397AF00DA7916 /* AnimationVC.swift in Sources */ = {isa = PBXBuildFile; fileRef = 60086E0827C397AF00DA7916 /* AnimationVC.swift */; };
		60086E1027C3B42300DA7916 /* IconCVC.swift in Sources */ = {isa = PBXBuildFile; fileRef = 60086E0F27C3B42300DA7916 /* IconCVC.swift */; };
		60086E2027C3C81800DA7916 /* MainVC.swift in Sources */ = {isa = PBXBuildFile; fileRef = 60086E1F27C3C81800DA7916 /* MainVC.swift */; };
		60086E2227C3C90A00DA7916 /* CalculateVC.swift in Sources */ = {isa = PBXBuildFile; fileRef = 60086E2127C3C90A00DA7916 /* CalculateVC.swift */; };
		60086E2427C3DE5200DA7916 /* TabBarVC.swift in Sources */ = {isa = PBXBuildFile; fileRef = 60086E2327C3DE5200DA7916 /* TabBarVC.swift */; };
		60086E4927C4F35500DA7916 /* HistoryVC.swift in Sources */ = {isa = PBXBuildFile; fileRef = 60086E4827C4F35500DA7916 /* HistoryVC.swift */; };
		60086E4B27C51F7600DA7916 /* HistoryViewCell.swift in Sources */ = {isa = PBXBuildFile; fileRef = 60086E4A27C51F7500DA7916 /* HistoryViewCell.swift */; };
		6063CABD27CE1BF200FA96F5 /* ExchangeRates.swift in Sources */ = {isa = PBXBuildFile; fileRef = 6063CABC27CE1BF100FA96F5 /* ExchangeRates.swift */; };
		6063CABF27CE4DBB00FA96F5 /* ReplenichmentVC.swift in Sources */ = {isa = PBXBuildFile; fileRef = 6063CABE27CE4DBB00FA96F5 /* ReplenichmentVC.swift */; };
		6085610E292654F40065AC8A /* SpendCategory+CoreDataProperties.swift in Sources */ = {isa = PBXBuildFile; fileRef = 60856106292654F30065AC8A /* SpendCategory+CoreDataProperties.swift */; };
		6085610F292654F40065AC8A /* Replenichment+CoreDataClass.swift in Sources */ = {isa = PBXBuildFile; fileRef = 60856107292654F30065AC8A /* Replenichment+CoreDataClass.swift */; };
		60856110292654F40065AC8A /* SpendCategory+CoreDataClass.swift in Sources */ = {isa = PBXBuildFile; fileRef = 60856108292654F30065AC8A /* SpendCategory+CoreDataClass.swift */; };
		60856111292654F40065AC8A /* Wallet+CoreDataClass.swift in Sources */ = {isa = PBXBuildFile; fileRef = 60856109292654F30065AC8A /* Wallet+CoreDataClass.swift */; };
		60856112292654F40065AC8A /* Spending+CoreDataClass.swift in Sources */ = {isa = PBXBuildFile; fileRef = 6085610A292654F30065AC8A /* Spending+CoreDataClass.swift */; };
		60856113292654F40065AC8A /* Spending+CoreDataProperties.swift in Sources */ = {isa = PBXBuildFile; fileRef = 6085610B292654F30065AC8A /* Spending+CoreDataProperties.swift */; };
		60856114292654F40065AC8A /* Replenichment+CoreDataProperties.swift in Sources */ = {isa = PBXBuildFile; fileRef = 6085610C292654F30065AC8A /* Replenichment+CoreDataProperties.swift */; };
		60856115292654F40065AC8A /* Wallet+CoreDataProperties.swift in Sources */ = {isa = PBXBuildFile; fileRef = 6085610D292654F30065AC8A /* Wallet+CoreDataProperties.swift */; };
		608561182926796B0065AC8A /* Alertable.swift in Sources */ = {isa = PBXBuildFile; fileRef = 608561172926796B0065AC8A /* Alertable.swift */; };
		60CD4BC727CF66AE00206045 /* CurrencyVC.swift in Sources */ = {isa = PBXBuildFile; fileRef = 6063CABA27CE182F00FA96F5 /* CurrencyVC.swift */; };
		60DD2E7227C652000098DF10 /* AddWalletVC.swift in Sources */ = {isa = PBXBuildFile; fileRef = 60DD2E7127C652000098DF10 /* AddWalletVC.swift */; };
		60DD2E7427C65CB70098DF10 /* MoneyTrackService.swift in Sources */ = {isa = PBXBuildFile; fileRef = 60DD2E7327C65CB70098DF10 /* MoneyTrackService.swift */; };
		60DD2E7627C675660098DF10 /* AddSpendCategoryVC.swift in Sources */ = {isa = PBXBuildFile; fileRef = 60DD2E7527C675660098DF10 /* AddSpendCategoryVC.swift */; };
		60DD2E7827C67AAE0098DF10 /* SpendIconCVC.swift in Sources */ = {isa = PBXBuildFile; fileRef = 60DD2E7727C67AAE0098DF10 /* SpendIconCVC.swift */; };
/* End PBXBuildFile section */

/* Begin PBXFileReference section */
		60086DEE27C38E2400DA7916 /* MoneyTrack.app */ = {isa = PBXFileReference; explicitFileType = wrapper.application; includeInIndex = 0; path = MoneyTrack.app; sourceTree = BUILT_PRODUCTS_DIR; };
		60086DF127C38E2400DA7916 /* AppDelegate.swift */ = {isa = PBXFileReference; lastKnownFileType = sourcecode.swift; path = AppDelegate.swift; sourceTree = "<group>"; };
		60086DF327C38E2400DA7916 /* SceneDelegate.swift */ = {isa = PBXFileReference; lastKnownFileType = sourcecode.swift; path = SceneDelegate.swift; sourceTree = "<group>"; };
		60086DF827C38E2400DA7916 /* Base */ = {isa = PBXFileReference; lastKnownFileType = file.storyboard; name = Base; path = Base.lproj/Main.storyboard; sourceTree = "<group>"; };
		60086DFB27C38E2400DA7916 /* MoneyTrack.xcdatamodel */ = {isa = PBXFileReference; lastKnownFileType = wrapper.xcdatamodel; path = MoneyTrack.xcdatamodel; sourceTree = "<group>"; };
		60086DFD27C38E2700DA7916 /* Assets.xcassets */ = {isa = PBXFileReference; lastKnownFileType = folder.assetcatalog; path = Assets.xcassets; sourceTree = "<group>"; };
		60086E0027C38E2700DA7916 /* Base */ = {isa = PBXFileReference; lastKnownFileType = file.storyboard; name = Base; path = Base.lproj/LaunchScreen.storyboard; sourceTree = "<group>"; };
		60086E0227C38E2700DA7916 /* Info.plist */ = {isa = PBXFileReference; lastKnownFileType = text.plist.xml; path = Info.plist; sourceTree = "<group>"; };
		60086E0827C397AF00DA7916 /* AnimationVC.swift */ = {isa = PBXFileReference; lastKnownFileType = sourcecode.swift; path = AnimationVC.swift; sourceTree = "<group>"; };
		60086E0F27C3B42300DA7916 /* IconCVC.swift */ = {isa = PBXFileReference; lastKnownFileType = sourcecode.swift; path = IconCVC.swift; sourceTree = "<group>"; };
		60086E1F27C3C81800DA7916 /* MainVC.swift */ = {isa = PBXFileReference; lastKnownFileType = sourcecode.swift; path = MainVC.swift; sourceTree = "<group>"; };
		60086E2127C3C90A00DA7916 /* CalculateVC.swift */ = {isa = PBXFileReference; lastKnownFileType = sourcecode.swift; path = CalculateVC.swift; sourceTree = "<group>"; };
		60086E2327C3DE5200DA7916 /* TabBarVC.swift */ = {isa = PBXFileReference; lastKnownFileType = sourcecode.swift; path = TabBarVC.swift; sourceTree = "<group>"; };
		60086E4827C4F35500DA7916 /* HistoryVC.swift */ = {isa = PBXFileReference; lastKnownFileType = sourcecode.swift; path = HistoryVC.swift; sourceTree = "<group>"; };
		60086E4A27C51F7500DA7916 /* HistoryViewCell.swift */ = {isa = PBXFileReference; lastKnownFileType = sourcecode.swift; path = HistoryViewCell.swift; sourceTree = "<group>"; };
		6063CABA27CE182F00FA96F5 /* CurrencyVC.swift */ = {isa = PBXFileReference; lastKnownFileType = sourcecode.swift; path = CurrencyVC.swift; sourceTree = "<group>"; };
		6063CABC27CE1BF100FA96F5 /* ExchangeRates.swift */ = {isa = PBXFileReference; lastKnownFileType = sourcecode.swift; path = ExchangeRates.swift; sourceTree = "<group>"; };
		6063CABE27CE4DBB00FA96F5 /* ReplenichmentVC.swift */ = {isa = PBXFileReference; lastKnownFileType = sourcecode.swift; path = ReplenichmentVC.swift; sourceTree = "<group>"; };
		60856106292654F30065AC8A /* SpendCategory+CoreDataProperties.swift */ = {isa = PBXFileReference; fileEncoding = 4; lastKnownFileType = sourcecode.swift; path = "SpendCategory+CoreDataProperties.swift"; sourceTree = "<group>"; };
		60856107292654F30065AC8A /* Replenichment+CoreDataClass.swift */ = {isa = PBXFileReference; fileEncoding = 4; lastKnownFileType = sourcecode.swift; path = "Replenichment+CoreDataClass.swift"; sourceTree = "<group>"; };
		60856108292654F30065AC8A /* SpendCategory+CoreDataClass.swift */ = {isa = PBXFileReference; fileEncoding = 4; lastKnownFileType = sourcecode.swift; path = "SpendCategory+CoreDataClass.swift"; sourceTree = "<group>"; };
		60856109292654F30065AC8A /* Wallet+CoreDataClass.swift */ = {isa = PBXFileReference; fileEncoding = 4; lastKnownFileType = sourcecode.swift; path = "Wallet+CoreDataClass.swift"; sourceTree = "<group>"; };
		6085610A292654F30065AC8A /* Spending+CoreDataClass.swift */ = {isa = PBXFileReference; fileEncoding = 4; lastKnownFileType = sourcecode.swift; path = "Spending+CoreDataClass.swift"; sourceTree = "<group>"; };
		6085610B292654F30065AC8A /* Spending+CoreDataProperties.swift */ = {isa = PBXFileReference; fileEncoding = 4; lastKnownFileType = sourcecode.swift; path = "Spending+CoreDataProperties.swift"; sourceTree = "<group>"; };
		6085610C292654F30065AC8A /* Replenichment+CoreDataProperties.swift */ = {isa = PBXFileReference; fileEncoding = 4; lastKnownFileType = sourcecode.swift; path = "Replenichment+CoreDataProperties.swift"; sourceTree = "<group>"; };
		6085610D292654F30065AC8A /* Wallet+CoreDataProperties.swift */ = {isa = PBXFileReference; fileEncoding = 4; lastKnownFileType = sourcecode.swift; path = "Wallet+CoreDataProperties.swift"; sourceTree = "<group>"; };
		608561172926796B0065AC8A /* Alertable.swift */ = {isa = PBXFileReference; lastKnownFileType = sourcecode.swift; path = Alertable.swift; sourceTree = "<group>"; };
		60DD2E7127C652000098DF10 /* AddWalletVC.swift */ = {isa = PBXFileReference; lastKnownFileType = sourcecode.swift; path = AddWalletVC.swift; sourceTree = "<group>"; };
		60DD2E7327C65CB70098DF10 /* MoneyTrackService.swift */ = {isa = PBXFileReference; lastKnownFileType = sourcecode.swift; path = MoneyTrackService.swift; sourceTree = "<group>"; };
		60DD2E7527C675660098DF10 /* AddSpendCategoryVC.swift */ = {isa = PBXFileReference; lastKnownFileType = sourcecode.swift; path = AddSpendCategoryVC.swift; sourceTree = "<group>"; };
		60DD2E7727C67AAE0098DF10 /* SpendIconCVC.swift */ = {isa = PBXFileReference; lastKnownFileType = sourcecode.swift; path = SpendIconCVC.swift; sourceTree = "<group>"; };
/* End PBXFileReference section */

/* Begin PBXFrameworksBuildPhase section */
		60086DEB27C38E2300DA7916 /* Frameworks */ = {
			isa = PBXFrameworksBuildPhase;
			buildActionMask = 2147483647;
			files = (
			);
			runOnlyForDeploymentPostprocessing = 0;
		};
/* End PBXFrameworksBuildPhase section */

/* Begin PBXGroup section */
		60086DE527C38E2300DA7916 = {
			isa = PBXGroup;
			children = (
				60086DF027C38E2400DA7916 /* MoneyTrack */,
				60086DEF27C38E2400DA7916 /* Products */,
			);
			sourceTree = "<group>";
		};
		60086DEF27C38E2400DA7916 /* Products */ = {
			isa = PBXGroup;
			children = (
				60086DEE27C38E2400DA7916 /* MoneyTrack.app */,
			);
			name = Products;
			sourceTree = "<group>";
		};
		60086DF027C38E2400DA7916 /* MoneyTrack */ = {
			isa = PBXGroup;
			children = (
				60086E0B27C39C7A00DA7916 /* App */,
				60086E1E27C3B61E00DA7916 /* Models */,
				60086E0D27C39CBC00DA7916 /* Service */,
				60086E0E27C39CE800DA7916 /* Modules */,
				60086E0A27C398A200DA7916 /* Resourses */,
				60086E0227C38E2700DA7916 /* Info.plist */,
			);
			path = MoneyTrack;
			sourceTree = "<group>";
		};
		60086E0A27C398A200DA7916 /* Resourses */ = {
			isa = PBXGroup;
			children = (
				60086DFF27C38E2700DA7916 /* LaunchScreen.storyboard */,
				60086DFD27C38E2700DA7916 /* Assets.xcassets */,
			);
			path = Resourses;
			sourceTree = "<group>";
		};
		60086E0B27C39C7A00DA7916 /* App */ = {
			isa = PBXGroup;
			children = (
				60086DF127C38E2400DA7916 /* AppDelegate.swift */,
				60086DF327C38E2400DA7916 /* SceneDelegate.swift */,
			);
			path = App;
			sourceTree = "<group>";
		};
		60086E0C27C39CA200DA7916 /* CoreData */ = {
			isa = PBXGroup;
			children = (
				60086DFA27C38E2400DA7916 /* MoneyTrack.xcdatamodeld */,
				60DD2E7327C65CB70098DF10 /* MoneyTrackService.swift */,
			);
			path = CoreData;
			sourceTree = "<group>";
		};
		60086E0D27C39CBC00DA7916 /* Service */ = {
			isa = PBXGroup;
			children = (
				60086E0C27C39CA200DA7916 /* CoreData */,
			);
			path = Service;
			sourceTree = "<group>";
		};
		60086E0E27C39CE800DA7916 /* Modules */ = {
			isa = PBXGroup;
			children = (
				6085611929268EBB0065AC8A /* Model */,
				608561162926794E0065AC8A /* Protocols */,
				608561052926527A0065AC8A /* Controllers */,
				60086DF727C38E2400DA7916 /* Main.storyboard */,
				60086E1127C3B42800DA7916 /* Cells */,
			);
			path = Modules;
			sourceTree = "<group>";
		};
		60086E1127C3B42800DA7916 /* Cells */ = {
			isa = PBXGroup;
			children = (
				60086E0F27C3B42300DA7916 /* IconCVC.swift */,
				60086E4A27C51F7500DA7916 /* HistoryViewCell.swift */,
				60DD2E7727C67AAE0098DF10 /* SpendIconCVC.swift */,
			);
			path = Cells;
			sourceTree = "<group>";
		};
		60086E1E27C3B61E00DA7916 /* Models */ = {
			isa = PBXGroup;
			children = (
				60856107292654F30065AC8A /* Replenichment+CoreDataClass.swift */,
				6085610C292654F30065AC8A /* Replenichment+CoreDataProperties.swift */,
				60856108292654F30065AC8A /* SpendCategory+CoreDataClass.swift */,
				60856106292654F30065AC8A /* SpendCategory+CoreDataProperties.swift */,
				6085610A292654F30065AC8A /* Spending+CoreDataClass.swift */,
				6085610B292654F30065AC8A /* Spending+CoreDataProperties.swift */,
				60856109292654F30065AC8A /* Wallet+CoreDataClass.swift */,
				6085610D292654F30065AC8A /* Wallet+CoreDataProperties.swift */,
			);
			path = Models;
			sourceTree = "<group>";
		};
		608561052926527A0065AC8A /* Controllers */ = {
			isa = PBXGroup;
			children = (
				60086E0827C397AF00DA7916 /* AnimationVC.swift */,
				6063CABA27CE182F00FA96F5 /* CurrencyVC.swift */,
				60086E4827C4F35500DA7916 /* HistoryVC.swift */,
				60086E1F27C3C81800DA7916 /* MainVC.swift */,
				60086E2327C3DE5200DA7916 /* TabBarVC.swift */,
				60DD2E7127C652000098DF10 /* AddWalletVC.swift */,
				60DD2E7527C675660098DF10 /* AddSpendCategoryVC.swift */,
				60086E2127C3C90A00DA7916 /* CalculateVC.swift */,
				6063CABE27CE4DBB00FA96F5 /* ReplenichmentVC.swift */,
			);
			path = Controllers;
			sourceTree = "<group>";
		};
		608561162926794E0065AC8A /* Protocols */ = {
			isa = PBXGroup;
			children = (
				608561172926796B0065AC8A /* Alertable.swift */,
			);
			path = Protocols;
			sourceTree = "<group>";
		};
		6085611929268EBB0065AC8A /* Model */ = {
			isa = PBXGroup;
			children = (
				6063CABC27CE1BF100FA96F5 /* ExchangeRates.swift */,
			);
			path = Model;
			sourceTree = "<group>";
		};
/* End PBXGroup section */

/* Begin PBXNativeTarget section */
		60086DED27C38E2300DA7916 /* MoneyTrack */ = {
			isa = PBXNativeTarget;
			buildConfigurationList = 60086E0527C38E2700DA7916 /* Build configuration list for PBXNativeTarget "MoneyTrack" */;
			buildPhases = (
				60086DEA27C38E2300DA7916 /* Sources */,
				60086DEB27C38E2300DA7916 /* Frameworks */,
				60086DEC27C38E2300DA7916 /* Resources */,
			);
			buildRules = (
			);
			dependencies = (
			);
			name = MoneyTrack;
			productName = MoneyTrack;
			productReference = 60086DEE27C38E2400DA7916 /* MoneyTrack.app */;
			productType = "com.apple.product-type.application";
		};
/* End PBXNativeTarget section */

/* Begin PBXProject section */
		60086DE627C38E2300DA7916 /* Project object */ = {
			isa = PBXProject;
			attributes = {
				BuildIndependentTargetsInParallel = 1;
				LastSwiftUpdateCheck = 1330;
				LastUpgradeCheck = 1330;
				TargetAttributes = {
					60086DED27C38E2300DA7916 = {
						CreatedOnToolsVersion = 13.3;
					};
				};
			};
			buildConfigurationList = 60086DE927C38E2300DA7916 /* Build configuration list for PBXProject "MoneyTrack" */;
			compatibilityVersion = "Xcode 13.0";
			developmentRegion = en;
			hasScannedForEncodings = 0;
			knownRegions = (
				en,
				Base,
			);
			mainGroup = 60086DE527C38E2300DA7916;
			productRefGroup = 60086DEF27C38E2400DA7916 /* Products */;
			projectDirPath = "";
			projectRoot = "";
			targets = (
				60086DED27C38E2300DA7916 /* MoneyTrack */,
			);
		};
/* End PBXProject section */

/* Begin PBXResourcesBuildPhase section */
		60086DEC27C38E2300DA7916 /* Resources */ = {
			isa = PBXResourcesBuildPhase;
			buildActionMask = 2147483647;
			files = (
				60086E0127C38E2700DA7916 /* LaunchScreen.storyboard in Resources */,
				60086DFE27C38E2700DA7916 /* Assets.xcassets in Resources */,
				60086DF927C38E2400DA7916 /* Main.storyboard in Resources */,
			);
			runOnlyForDeploymentPostprocessing = 0;
		};
/* End PBXResourcesBuildPhase section */

/* Begin PBXSourcesBuildPhase section */
		60086DEA27C38E2300DA7916 /* Sources */ = {
			isa = PBXSourcesBuildPhase;
			buildActionMask = 2147483647;
			files = (
				60086E2427C3DE5200DA7916 /* TabBarVC.swift in Sources */,
				6063CABD27CE1BF200FA96F5 /* ExchangeRates.swift in Sources */,
				60086E0927C397AF00DA7916 /* AnimationVC.swift in Sources */,
				60086E2227C3C90A00DA7916 /* CalculateVC.swift in Sources */,
				60856111292654F40065AC8A /* Wallet+CoreDataClass.swift in Sources */,
				6063CABF27CE4DBB00FA96F5 /* ReplenichmentVC.swift in Sources */,
				6085610E292654F40065AC8A /* SpendCategory+CoreDataProperties.swift in Sources */,
				60856114292654F40065AC8A /* Replenichment+CoreDataProperties.swift in Sources */,
				60086E4927C4F35500DA7916 /* HistoryVC.swift in Sources */,
				60086E2027C3C81800DA7916 /* MainVC.swift in Sources */,
				60DD2E7627C675660098DF10 /* AddSpendCategoryVC.swift in Sources */,
				60CD4BC727CF66AE00206045 /* CurrencyVC.swift in Sources */,
				60DD2E7427C65CB70098DF10 /* MoneyTrackService.swift in Sources */,
				60DD2E7827C67AAE0098DF10 /* SpendIconCVC.swift in Sources */,
				6085610F292654F40065AC8A /* Replenichment+CoreDataClass.swift in Sources */,
				60DD2E7227C652000098DF10 /* AddWalletVC.swift in Sources */,
				60086DFC27C38E2400DA7916 /* MoneyTrack.xcdatamodeld in Sources */,
				60086DF227C38E2400DA7916 /* AppDelegate.swift in Sources */,
				608561182926796B0065AC8A /* Alertable.swift in Sources */,
				60856112292654F40065AC8A /* Spending+CoreDataClass.swift in Sources */,
				60856110292654F40065AC8A /* SpendCategory+CoreDataClass.swift in Sources */,
				60086E1027C3B42300DA7916 /* IconCVC.swift in Sources */,
				60086E4B27C51F7600DA7916 /* HistoryViewCell.swift in Sources */,
				60856113292654F40065AC8A /* Spending+CoreDataProperties.swift in Sources */,
				60086DF427C38E2400DA7916 /* SceneDelegate.swift in Sources */,
				60856115292654F40065AC8A /* Wallet+CoreDataProperties.swift in Sources */,
			);
			runOnlyForDeploymentPostprocessing = 0;
		};
/* End PBXSourcesBuildPhase section */

/* Begin PBXVariantGroup section */
		60086DF727C38E2400DA7916 /* Main.storyboard */ = {
			isa = PBXVariantGroup;
			children = (
				60086DF827C38E2400DA7916 /* Base */,
			);
			name = Main.storyboard;
			sourceTree = "<group>";
		};
		60086DFF27C38E2700DA7916 /* LaunchScreen.storyboard */ = {
			isa = PBXVariantGroup;
			children = (
				60086E0027C38E2700DA7916 /* Base */,
			);
			name = LaunchScreen.storyboard;
			sourceTree = "<group>";
		};
/* End PBXVariantGroup section */

/* Begin XCBuildConfiguration section */
		60086E0327C38E2700DA7916 /* Debug */ = {
			isa = XCBuildConfiguration;
			buildSettings = {
				ALWAYS_SEARCH_USER_PATHS = NO;
				CLANG_ANALYZER_NONNULL = YES;
				CLANG_ANALYZER_NUMBER_OBJECT_CONVERSION = YES_AGGRESSIVE;
				CLANG_CXX_LANGUAGE_STANDARD = "gnu++17";
				CLANG_ENABLE_MODULES = YES;
				CLANG_ENABLE_OBJC_ARC = YES;
				CLANG_ENABLE_OBJC_WEAK = YES;
				CLANG_WARN_BLOCK_CAPTURE_AUTORELEASING = YES;
				CLANG_WARN_BOOL_CONVERSION = YES;
				CLANG_WARN_COMMA = YES;
				CLANG_WARN_CONSTANT_CONVERSION = YES;
				CLANG_WARN_DEPRECATED_OBJC_IMPLEMENTATIONS = YES;
				CLANG_WARN_DIRECT_OBJC_ISA_USAGE = YES_ERROR;
				CLANG_WARN_DOCUMENTATION_COMMENTS = YES;
				CLANG_WARN_EMPTY_BODY = YES;
				CLANG_WARN_ENUM_CONVERSION = YES;
				CLANG_WARN_INFINITE_RECURSION = YES;
				CLANG_WARN_INT_CONVERSION = YES;
				CLANG_WARN_NON_LITERAL_NULL_CONVERSION = YES;
				CLANG_WARN_OBJC_IMPLICIT_RETAIN_SELF = YES;
				CLANG_WARN_OBJC_LITERAL_CONVERSION = YES;
				CLANG_WARN_OBJC_ROOT_CLASS = YES_ERROR;
				CLANG_WARN_QUOTED_INCLUDE_IN_FRAMEWORK_HEADER = YES;
				CLANG_WARN_RANGE_LOOP_ANALYSIS = YES;
				CLANG_WARN_STRICT_PROTOTYPES = YES;
				CLANG_WARN_SUSPICIOUS_MOVE = YES;
				CLANG_WARN_UNGUARDED_AVAILABILITY = YES_AGGRESSIVE;
				CLANG_WARN_UNREACHABLE_CODE = YES;
				CLANG_WARN__DUPLICATE_METHOD_MATCH = YES;
				COPY_PHASE_STRIP = NO;
				DEBUG_INFORMATION_FORMAT = dwarf;
				ENABLE_STRICT_OBJC_MSGSEND = YES;
				ENABLE_TESTABILITY = YES;
				GCC_C_LANGUAGE_STANDARD = gnu11;
				GCC_DYNAMIC_NO_PIC = NO;
				GCC_NO_COMMON_BLOCKS = YES;
				GCC_OPTIMIZATION_LEVEL = 0;
				GCC_PREPROCESSOR_DEFINITIONS = (
					"DEBUG=1",
					"$(inherited)",
				);
				GCC_WARN_64_TO_32_BIT_CONVERSION = YES;
				GCC_WARN_ABOUT_RETURN_TYPE = YES_ERROR;
				GCC_WARN_UNDECLARED_SELECTOR = YES;
				GCC_WARN_UNINITIALIZED_AUTOS = YES_AGGRESSIVE;
				GCC_WARN_UNUSED_FUNCTION = YES;
				GCC_WARN_UNUSED_VARIABLE = YES;
				IPHONEOS_DEPLOYMENT_TARGET = 15.0;
				MTL_ENABLE_DEBUG_INFO = INCLUDE_SOURCE;
				MTL_FAST_MATH = YES;
				ONLY_ACTIVE_ARCH = YES;
				SDKROOT = iphoneos;
				SWIFT_ACTIVE_COMPILATION_CONDITIONS = DEBUG;
				SWIFT_OPTIMIZATION_LEVEL = "-Onone";
			};
			name = Debug;
		};
		60086E0427C38E2700DA7916 /* Release */ = {
			isa = XCBuildConfiguration;
			buildSettings = {
				ALWAYS_SEARCH_USER_PATHS = NO;
				CLANG_ANALYZER_NONNULL = YES;
				CLANG_ANALYZER_NUMBER_OBJECT_CONVERSION = YES_AGGRESSIVE;
				CLANG_CXX_LANGUAGE_STANDARD = "gnu++17";
				CLANG_ENABLE_MODULES = YES;
				CLANG_ENABLE_OBJC_ARC = YES;
				CLANG_ENABLE_OBJC_WEAK = YES;
				CLANG_WARN_BLOCK_CAPTURE_AUTORELEASING = YES;
				CLANG_WARN_BOOL_CONVERSION = YES;
				CLANG_WARN_COMMA = YES;
				CLANG_WARN_CONSTANT_CONVERSION = YES;
				CLANG_WARN_DEPRECATED_OBJC_IMPLEMENTATIONS = YES;
				CLANG_WARN_DIRECT_OBJC_ISA_USAGE = YES_ERROR;
				CLANG_WARN_DOCUMENTATION_COMMENTS = YES;
				CLANG_WARN_EMPTY_BODY = YES;
				CLANG_WARN_ENUM_CONVERSION = YES;
				CLANG_WARN_INFINITE_RECURSION = YES;
				CLANG_WARN_INT_CONVERSION = YES;
				CLANG_WARN_NON_LITERAL_NULL_CONVERSION = YES;
				CLANG_WARN_OBJC_IMPLICIT_RETAIN_SELF = YES;
				CLANG_WARN_OBJC_LITERAL_CONVERSION = YES;
				CLANG_WARN_OBJC_ROOT_CLASS = YES_ERROR;
				CLANG_WARN_QUOTED_INCLUDE_IN_FRAMEWORK_HEADER = YES;
				CLANG_WARN_RANGE_LOOP_ANALYSIS = YES;
				CLANG_WARN_STRICT_PROTOTYPES = YES;
				CLANG_WARN_SUSPICIOUS_MOVE = YES;
				CLANG_WARN_UNGUARDED_AVAILABILITY = YES_AGGRESSIVE;
				CLANG_WARN_UNREACHABLE_CODE = YES;
				CLANG_WARN__DUPLICATE_METHOD_MATCH = YES;
				COPY_PHASE_STRIP = NO;
				DEBUG_INFORMATION_FORMAT = "dwarf-with-dsym";
				ENABLE_NS_ASSERTIONS = NO;
				ENABLE_STRICT_OBJC_MSGSEND = YES;
				GCC_C_LANGUAGE_STANDARD = gnu11;
				GCC_NO_COMMON_BLOCKS = YES;
				GCC_WARN_64_TO_32_BIT_CONVERSION = YES;
				GCC_WARN_ABOUT_RETURN_TYPE = YES_ERROR;
				GCC_WARN_UNDECLARED_SELECTOR = YES;
				GCC_WARN_UNINITIALIZED_AUTOS = YES_AGGRESSIVE;
				GCC_WARN_UNUSED_FUNCTION = YES;
				GCC_WARN_UNUSED_VARIABLE = YES;
				IPHONEOS_DEPLOYMENT_TARGET = 15.0;
				MTL_ENABLE_DEBUG_INFO = NO;
				MTL_FAST_MATH = YES;
				SDKROOT = iphoneos;
				SWIFT_COMPILATION_MODE = wholemodule;
				SWIFT_OPTIMIZATION_LEVEL = "-O";
				VALIDATE_PRODUCT = YES;
			};
			name = Release;
		};
		60086E0627C38E2700DA7916 /* Debug */ = {
			isa = XCBuildConfiguration;
			buildSettings = {
				ASSETCATALOG_COMPILER_APPICON_NAME = AppIcon;
				ASSETCATALOG_COMPILER_GLOBAL_ACCENT_COLOR_NAME = AccentColor;
				CODE_SIGN_STYLE = Automatic;
				CURRENT_PROJECT_VERSION = 1;
				DEVELOPMENT_TEAM = 8R88TWMAJR;
				GENERATE_INFOPLIST_FILE = YES;
				INFOPLIST_FILE = MoneyTrack/Info.plist;
				INFOPLIST_KEY_UIApplicationSupportsIndirectInputEvents = YES;
				INFOPLIST_KEY_UILaunchStoryboardName = LaunchScreen;
				INFOPLIST_KEY_UIMainStoryboardFile = Main;
				INFOPLIST_KEY_UISupportedInterfaceOrientations_iPad = "UIInterfaceOrientationPortrait UIInterfaceOrientationPortraitUpsideDown UIInterfaceOrientationLandscapeLeft UIInterfaceOrientationLandscapeRight";
				INFOPLIST_KEY_UISupportedInterfaceOrientations_iPhone = "UIInterfaceOrientationPortrait UIInterfaceOrientationLandscapeLeft UIInterfaceOrientationLandscapeRight";
				LD_RUNPATH_SEARCH_PATHS = (
					"$(inherited)",
					"@executable_path/Frameworks",
				);
				MARKETING_VERSION = 1.0;
				PRODUCT_BUNDLE_IDENTIFIER = Courses.MoneyTrack;
				PRODUCT_NAME = "$(TARGET_NAME)";
				SWIFT_EMIT_LOC_STRINGS = YES;
				SWIFT_VERSION = 5.0;
				TARGETED_DEVICE_FAMILY = "1,2";
			};
			name = Debug;
		};
		60086E0727C38E2700DA7916 /* Release */ = {
			isa = XCBuildConfiguration;
			buildSettings = {
				ASSETCATALOG_COMPILER_APPICON_NAME = AppIcon;
				ASSETCATALOG_COMPILER_GLOBAL_ACCENT_COLOR_NAME = AccentColor;
				CODE_SIGN_STYLE = Automatic;
				CURRENT_PROJECT_VERSION = 1;
				DEVELOPMENT_TEAM = 8R88TWMAJR;
				GENERATE_INFOPLIST_FILE = YES;
				INFOPLIST_FILE = MoneyTrack/Info.plist;
				INFOPLIST_KEY_UIApplicationSupportsIndirectInputEvents = YES;
				INFOPLIST_KEY_UILaunchStoryboardName = LaunchScreen;
				INFOPLIST_KEY_UIMainStoryboardFile = Main;
				INFOPLIST_KEY_UISupportedInterfaceOrientations_iPad = "UIInterfaceOrientationPortrait UIInterfaceOrientationPortraitUpsideDown UIInterfaceOrientationLandscapeLeft UIInterfaceOrientationLandscapeRight";
				INFOPLIST_KEY_UISupportedInterfaceOrientations_iPhone = "UIInterfaceOrientationPortrait UIInterfaceOrientationLandscapeLeft UIInterfaceOrientationLandscapeRight";
				LD_RUNPATH_SEARCH_PATHS = (
					"$(inherited)",
					"@executable_path/Frameworks",
				);
				MARKETING_VERSION = 1.0;
				PRODUCT_BUNDLE_IDENTIFIER = Courses.MoneyTrack;
				PRODUCT_NAME = "$(TARGET_NAME)";
				SWIFT_EMIT_LOC_STRINGS = YES;
				SWIFT_VERSION = 5.0;
				TARGETED_DEVICE_FAMILY = "1,2";
			};
			name = Release;
		};
/* End XCBuildConfiguration section */

/* Begin XCConfigurationList section */
		60086DE927C38E2300DA7916 /* Build configuration list for PBXProject "MoneyTrack" */ = {
			isa = XCConfigurationList;
			buildConfigurations = (
				60086E0327C38E2700DA7916 /* Debug */,
				60086E0427C38E2700DA7916 /* Release */,
			);
			defaultConfigurationIsVisible = 0;
			defaultConfigurationName = Release;
		};
		60086E0527C38E2700DA7916 /* Build configuration list for PBXNativeTarget "MoneyTrack" */ = {
			isa = XCConfigurationList;
			buildConfigurations = (
				60086E0627C38E2700DA7916 /* Debug */,
				60086E0727C38E2700DA7916 /* Release */,
			);
			defaultConfigurationIsVisible = 0;
			defaultConfigurationName = Release;
		};
/* End XCConfigurationList section */

/* Begin XCVersionGroup section */
		60086DFA27C38E2400DA7916 /* MoneyTrack.xcdatamodeld */ = {
			isa = XCVersionGroup;
			children = (
				60086DFB27C38E2400DA7916 /* MoneyTrack.xcdatamodel */,
			);
			currentVersion = 60086DFB27C38E2400DA7916 /* MoneyTrack.xcdatamodel */;
			path = MoneyTrack.xcdatamodeld;
			sourceTree = "<group>";
			versionGroupType = wrapper.xcdatamodel;
		};
/* End XCVersionGroup section */
	};
	rootObject = 60086DE627C38E2300DA7916 /* Project object */;
}
